
Microsoft Visual Studio Solution File, Format Version 12.00
# Visual Studio Version 17
VisualStudioVersion = 17.7.34003.232
MinimumVisualStudioVersion = 10.0.40219.1
Project("{9A19103F-16F7-4668-BE54-9A1E7A4F7556}") = "TaskTest", "TaskTest.csproj", "{A696C043-2F55-42FA-88ED-20E4762BC94A}"
EndProject
Project("{FAE04EC0-301F-11D3-BF4B-00C04F79EFBC}") = "WinFormsApp", "..\WinFormsApp\WinFormsApp.csproj", "{6BB6904E-1952-41D0-B7C5-01A4456EC05B}"
EndProject
Global
	GlobalSection(SolutionConfigurationPlatforms) = preSolution
		Debug|Any CPU = Debug|Any CPU
		Release|Any CPU = Release|Any CPU
	EndGlobalSection
	GlobalSection(ProjectConfigurationPlatforms) = postSolution
		{A696C043-2F55-42FA-88ED-20E4762BC94A}.Debug|Any CPU.ActiveCfg = Debug|Any CPU
		{A696C043-2F55-42FA-88ED-20E4762BC94A}.Debug|Any CPU.Build.0 = Debug|Any CPU
		{A696C043-2F55-42FA-88ED-20E4762BC94A}.Release|Any CPU.ActiveCfg = Release|Any CPU
		{A696C043-2F55-42FA-88ED-20E4762BC94A}.Release|Any CPU.Build.0 = Release|Any CPU
		{6BB6904E-1952-41D0-B7C5-01A4456EC05B}.Debug|Any CPU.ActiveCfg = Debug|Any CPU
		{6BB6904E-1952-41D0-B7C5-01A4456EC05B}.Debug|Any CPU.Build.0 = Debug|Any CPU
		{6BB6904E-1952-41D0-B7C5-01A4456EC05B}.Release|Any CPU.ActiveCfg = Release|Any CPU
		{6BB6904E-1952-41D0-B7C5-01A4456EC05B}.Release|Any CPU.Build.0 = Release|Any CPU
	EndGlobalSection
	GlobalSection(SolutionProperties) = preSolution
		HideSolutionNode = FALSE
	EndGlobalSection
	GlobalSection(ExtensibilityGlobals) = postSolution
		SolutionGuid = {67FD2249-A7D0-4F5C-BC15-FA53B1602EA0}
	EndGlobalSection
EndGlobal
